
Microsoft Visual Studio Solution File, Format Version 12.00
# Visual Studio Version 17
VisualStudioVersion = 17.14.36401.2 d17.14
MinimumVisualStudioVersion = 10.0.40219.1
Project("{8BC9CEB8-8B4A-11D0-8D11-00A0C91BC942}") = "Kernel injector", "Kernel injector\Kernel injector.vcxproj", "{88A44036-BDE8-42A0-81F7-F5F6D58085D6}"
EndProject
Global
	GlobalSection(SolutionConfigurationPlatforms) = preSolution
		Debug|x64 = Debug|x64
		Debug|x86 = Debug|x86
		Release|x64 = Release|x64
		Release|x86 = Release|x86
	EndGlobalSection
	GlobalSection(ProjectConfigurationPlatforms) = postSolution
		{88A44036-BDE8-42A0-81F7-F5F6D58085D6}.Debug|x64.ActiveCfg = Debug|x64
		{88A44036-BDE8-42A0-81F7-F5F6D58085D6}.Debug|x64.Build.0 = Debug|x64
		{88A44036-BDE8-42A0-81F7-F5F6D58085D6}.Debug|x86.ActiveCfg = Debug|Win32
		{88A44036-BDE8-42A0-81F7-F5F6D58085D6}.Debug|x86.Build.0 = Debug|Win32
		{88A44036-BDE8-42A0-81F7-F5F6D58085D6}.Release|x64.ActiveCfg = Release|x64
		{88A44036-BDE8-42A0-81F7-F5F6D58085D6}.Release|x64.Build.0 = Release|x64
		{88A44036-BDE8-42A0-81F7-F5F6D58085D6}.Release|x86.ActiveCfg = Release|Win32
		{88A44036-BDE8-42A0-81F7-F5F6D58085D6}.Release|x86.Build.0 = Release|Win32
	EndGlobalSection
	GlobalSection(SolutionProperties) = preSolution
		HideSolutionNode = FALSE
	EndGlobalSection
	GlobalSection(ExtensibilityGlobals) = postSolution
		SolutionGuid = {44D164FF-3305-4615-B3F1-F7E99674D854}
	EndGlobalSection
EndGlobal
